
Microsoft Visual Studio Solution File, Format Version 12.00
# Visual Studio Version 17
VisualStudioVersion = 17.8.34316.72
MinimumVisualStudioVersion = 10.0.40219.1
Project("{9A19103F-16F7-4668-BE54-9A1E7A4F7556}") = "Fiap-Aula1-NovidadesDotNet8", "Fiap-Aula1-NovidadesDotNet8\Fiap-Aula1-NovidadesDotNet8.csproj", "{0BD002D8-2120-4034-A3A6-D88713095ACF}"
EndProject
Project("{2150E333-8FDC-42A3-9474-1A3956D46DE8}") = "Aula1", "Aula1", "{68E652A7-2213-4CFF-88EB-8AC872226F18}"
EndProject
Project("{2150E333-8FDC-42A3-9474-1A3956D46DE8}") = "Aula2", "Aula2", "{4BF471DA-CFBF-4076-BB78-AD6188D9F2C7}"
EndProject
Project("{9A19103F-16F7-4668-BE54-9A1E7A4F7556}") = "Fiap-Aula1-NovidadesCSharp12", "Fiap-Aula1-NovidadesCSharp12\Fiap-Aula1-NovidadesCSharp12.csproj", "{C0148926-EA13-4A50-96BC-1EA80CF73179}"
EndProject
Project("{9A19103F-16F7-4668-BE54-9A1E7A4F7556}") = "Fiap-Aula2-CadastroAlunosAPI", "Fiap-Aula2-CadastroAlunosAPI\Fiap-Aula2-CadastroAlunosAPI.csproj", "{E37B4824-1477-4C8B-8B70-FAF97C0F6F88}"
EndProject
Project("{2150E333-8FDC-42A3-9474-1A3956D46DE8}") = "Aula3", "Aula3", "{58006556-EE88-433E-B472-A9080B0FE480}"
EndProject
Project("{2150E333-8FDC-42A3-9474-1A3956D46DE8}") = "Aula4", "Aula4", "{BECDDBE6-658A-4A57-9EE5-AA26FAE83F75}"
EndProject
Project("{2150E333-8FDC-42A3-9474-1A3956D46DE8}") = "Aula5", "Aula5", "{AF6E11B4-9383-46C3-A365-20F20BF96288}"
EndProject
Project("{2150E333-8FDC-42A3-9474-1A3956D46DE8}") = "Aula6", "Aula6", "{9F1061E7-068D-4EB3-8EA5-10407DA4FCCE}"
EndProject
Project("{2150E333-8FDC-42A3-9474-1A3956D46DE8}") = "Aula7", "Aula7", "{BB88C366-9DE0-4304-8A3B-7B045B59E005}"
EndProject
Project("{2150E333-8FDC-42A3-9474-1A3956D46DE8}") = "Aula8", "Aula8", "{F26BF0F5-3AB4-4A9F-991E-AD4DE5563C49}"
EndProject
Project("{2150E333-8FDC-42A3-9474-1A3956D46DE8}") = "Aula9", "Aula9", "{ECDF444D-8A69-407D-8443-70B502AB7097}"
EndProject
Project("{FAE04EC0-301F-11D3-BF4B-00C04F79EFBC}") = "Fiap-Aula6-AutenticacaoAutorizacao", "Fiap-Aula6-AutenticacaoAutorizacao\Fiap-Aula6-AutenticacaoAutorizacao.csproj", "{B25FCF26-EC32-49B7-8B0E-5D791B6F0E94}"
EndProject
Project("{FAE04EC0-301F-11D3-BF4B-00C04F79EFBC}") = "Fiap-Aula7-PersistenciaBD", "Fiap-Aula7-PersistenciaBD\Fiap-Aula7-PersistenciaBD.csproj", "{ED8485FA-FB6D-4206-83C0-DDBCB34EF18D}"
EndProject
Project("{FAE04EC0-301F-11D3-BF4B-00C04F79EFBC}") = "Fiap-Aula9-TrabalhandoCache", "Fiap-Aula9-TrabalhandoCache\Fiap-Aula9-TrabalhandoCache.csproj", "{3EEFBB13-8026-45F7-843C-D76B8FD86818}"
EndProject
Global
	GlobalSection(SolutionConfigurationPlatforms) = preSolution
		Debug|Any CPU = Debug|Any CPU
		Release|Any CPU = Release|Any CPU
	EndGlobalSection
	GlobalSection(ProjectConfigurationPlatforms) = postSolution
		{0BD002D8-2120-4034-A3A6-D88713095ACF}.Debug|Any CPU.ActiveCfg = Debug|Any CPU
		{0BD002D8-2120-4034-A3A6-D88713095ACF}.Debug|Any CPU.Build.0 = Debug|Any CPU
		{0BD002D8-2120-4034-A3A6-D88713095ACF}.Release|Any CPU.ActiveCfg = Release|Any CPU
		{0BD002D8-2120-4034-A3A6-D88713095ACF}.Release|Any CPU.Build.0 = Release|Any CPU
		{C0148926-EA13-4A50-96BC-1EA80CF73179}.Debug|Any CPU.ActiveCfg = Debug|Any CPU
		{C0148926-EA13-4A50-96BC-1EA80CF73179}.Debug|Any CPU.Build.0 = Debug|Any CPU
		{C0148926-EA13-4A50-96BC-1EA80CF73179}.Release|Any CPU.ActiveCfg = Release|Any CPU
		{C0148926-EA13-4A50-96BC-1EA80CF73179}.Release|Any CPU.Build.0 = Release|Any CPU
		{E37B4824-1477-4C8B-8B70-FAF97C0F6F88}.Debug|Any CPU.ActiveCfg = Debug|Any CPU
		{E37B4824-1477-4C8B-8B70-FAF97C0F6F88}.Debug|Any CPU.Build.0 = Debug|Any CPU
		{E37B4824-1477-4C8B-8B70-FAF97C0F6F88}.Release|Any CPU.ActiveCfg = Release|Any CPU
		{E37B4824-1477-4C8B-8B70-FAF97C0F6F88}.Release|Any CPU.Build.0 = Release|Any CPU
		{B25FCF26-EC32-49B7-8B0E-5D791B6F0E94}.Debug|Any CPU.ActiveCfg = Debug|Any CPU
		{B25FCF26-EC32-49B7-8B0E-5D791B6F0E94}.Debug|Any CPU.Build.0 = Debug|Any CPU
		{B25FCF26-EC32-49B7-8B0E-5D791B6F0E94}.Release|Any CPU.ActiveCfg = Release|Any CPU
		{B25FCF26-EC32-49B7-8B0E-5D791B6F0E94}.Release|Any CPU.Build.0 = Release|Any CPU
		{ED8485FA-FB6D-4206-83C0-DDBCB34EF18D}.Debug|Any CPU.ActiveCfg = Debug|Any CPU
		{ED8485FA-FB6D-4206-83C0-DDBCB34EF18D}.Debug|Any CPU.Build.0 = Debug|Any CPU
		{ED8485FA-FB6D-4206-83C0-DDBCB34EF18D}.Release|Any CPU.ActiveCfg = Release|Any CPU
		{ED8485FA-FB6D-4206-83C0-DDBCB34EF18D}.Release|Any CPU.Build.0 = Release|Any CPU
		{3EEFBB13-8026-45F7-843C-D76B8FD86818}.Debug|Any CPU.ActiveCfg = Debug|Any CPU
		{3EEFBB13-8026-45F7-843C-D76B8FD86818}.Debug|Any CPU.Build.0 = Debug|Any CPU
		{3EEFBB13-8026-45F7-843C-D76B8FD86818}.Release|Any CPU.ActiveCfg = Release|Any CPU
		{3EEFBB13-8026-45F7-843C-D76B8FD86818}.Release|Any CPU.Build.0 = Release|Any CPU
	EndGlobalSection
	GlobalSection(SolutionProperties) = preSolution
		HideSolutionNode = FALSE
	EndGlobalSection
	GlobalSection(NestedProjects) = preSolution
		{0BD002D8-2120-4034-A3A6-D88713095ACF} = {68E652A7-2213-4CFF-88EB-8AC872226F18}
		{C0148926-EA13-4A50-96BC-1EA80CF73179} = {68E652A7-2213-4CFF-88EB-8AC872226F18}
		{E37B4824-1477-4C8B-8B70-FAF97C0F6F88} = {4BF471DA-CFBF-4076-BB78-AD6188D9F2C7}
		{B25FCF26-EC32-49B7-8B0E-5D791B6F0E94} = {9F1061E7-068D-4EB3-8EA5-10407DA4FCCE}
		{ED8485FA-FB6D-4206-83C0-DDBCB34EF18D} = {BB88C366-9DE0-4304-8A3B-7B045B59E005}
		{3EEFBB13-8026-45F7-843C-D76B8FD86818} = {ECDF444D-8A69-407D-8443-70B502AB7097}
	EndGlobalSection
	GlobalSection(ExtensibilityGlobals) = postSolution
		SolutionGuid = {2201EE03-0268-4202-8ADA-30264B08572C}
	EndGlobalSection
EndGlobal
