
Microsoft Visual Studio Solution File, Format Version 12.00
# Visual Studio Version 17
VisualStudioVersion = 17.8.34316.72
MinimumVisualStudioVersion = 10.0.40219.1
Project("{FAE04EC0-301F-11D3-BF4B-00C04F79EFBC}") = "NovidadesDotNet8", "NovidadesDotNet8\NovidadesDotNet8.csproj", "{0BD002D8-2120-4034-A3A6-D88713095ACF}"
EndProject
Project("{2150E333-8FDC-42A3-9474-1A3956D46DE8}") = "Aula1", "Aula1", "{68E652A7-2213-4CFF-88EB-8AC872226F18}"
EndProject
Project("{2150E333-8FDC-42A3-9474-1A3956D46DE8}") = "Aula2", "Aula2", "{4BF471DA-CFBF-4076-BB78-AD6188D9F2C7}"
EndProject
Project("{FAE04EC0-301F-11D3-BF4B-00C04F79EFBC}") = "NovidadesCSharp12", "NovidadesCSharp12\NovidadesCSharp12.csproj", "{C0148926-EA13-4A50-96BC-1EA80CF73179}"
EndProject
Global
	GlobalSection(SolutionConfigurationPlatforms) = preSolution
		Debug|Any CPU = Debug|Any CPU
		Release|Any CPU = Release|Any CPU
	EndGlobalSection
	GlobalSection(ProjectConfigurationPlatforms) = postSolution
		{0BD002D8-2120-4034-A3A6-D88713095ACF}.Debug|Any CPU.ActiveCfg = Debug|Any CPU
		{0BD002D8-2120-4034-A3A6-D88713095ACF}.Debug|Any CPU.Build.0 = Debug|Any CPU
		{0BD002D8-2120-4034-A3A6-D88713095ACF}.Release|Any CPU.ActiveCfg = Release|Any CPU
		{0BD002D8-2120-4034-A3A6-D88713095ACF}.Release|Any CPU.Build.0 = Release|Any CPU
		{C0148926-EA13-4A50-96BC-1EA80CF73179}.Debug|Any CPU.ActiveCfg = Debug|Any CPU
		{C0148926-EA13-4A50-96BC-1EA80CF73179}.Debug|Any CPU.Build.0 = Debug|Any CPU
		{C0148926-EA13-4A50-96BC-1EA80CF73179}.Release|Any CPU.ActiveCfg = Release|Any CPU
		{C0148926-EA13-4A50-96BC-1EA80CF73179}.Release|Any CPU.Build.0 = Release|Any CPU
	EndGlobalSection
	GlobalSection(SolutionProperties) = preSolution
		HideSolutionNode = FALSE
	EndGlobalSection
	GlobalSection(NestedProjects) = preSolution
		{0BD002D8-2120-4034-A3A6-D88713095ACF} = {68E652A7-2213-4CFF-88EB-8AC872226F18}
		{C0148926-EA13-4A50-96BC-1EA80CF73179} = {68E652A7-2213-4CFF-88EB-8AC872226F18}
	EndGlobalSection
	GlobalSection(ExtensibilityGlobals) = postSolution
		SolutionGuid = {2201EE03-0268-4202-8ADA-30264B08572C}
	EndGlobalSection
EndGlobal
